Microsoft Visual Studio Solution File, Format Version 12.00
# Visual Studio 15
VisualStudioVersion = 15.0.26730.3
MinimumVisualStudioVersion = 10.0.40219.1
Project("{FAE04EC0-301F-11D3-BF4B-00C04F79EFBC}") = "Producer.iOS", "Producer.iOS\Producer.iOS.csproj", "{235A154B-7F57-45FD-8D39-B30B58810760}"
EndProject
Project("{FAE04EC0-301F-11D3-BF4B-00C04F79EFBC}") = "Producer.iOS.UITests", "Producer.iOS.UITests\Producer.iOS.UITests.csproj", "{7BB964C9-3F95-49A6-A76E-4CAEAB0BC14C}"
EndProject
Project("{FAE04EC0-301F-11D3-BF4B-00C04F79EFBC}") = "Producer.Droid", "Producer.Droid\Producer.Droid.csproj", "{0FF7D8A2-D78C-4CD8-9619-E6906DFF9943}"
EndProject
Project("{FAE04EC0-301F-11D3-BF4B-00C04F79EFBC}") = "Producer.Droid.UITests", "Producer.Droid.UITests\Producer.Droid.UITests.csproj", "{B61D738E-9E7A-45CD-89A3-E04AA55CF446}"
EndProject
Project("{D954291E-2A0B-460D-934E-DC6B0785DB48}") = "Producer.Shared", "Producer.Shared\Producer.Shared.shproj", "{F94D1CC0-49D5-4A5C-A279-1FEBBDE97F5F}"
EndProject
Project("{2150E333-8FDC-42A3-9474-1A3956D46DE8}") = "UITests", "UITests", "{7DC26961-7DE0-4F3C-BD81-B4A446978439}"
EndProject
Project("{D954291E-2A0B-460D-934E-DC6B0785DB48}") = "Producer.Domain", "Producer.Domain\Producer.Domain.shproj", "{2C6335E4-7B3E-4E28-BEFD-0EA82470CFAC}"
EndProject
Project("{FAE04EC0-301F-11D3-BF4B-00C04F79EFBC}") = "Producer.Functions", "Producer.Functions\Producer.Functions.csproj", "{EEA42976-ED9D-4216-ACFC-D344B625FEC8}"
EndProject
Global
	GlobalSection(SharedMSBuildProjectFiles) = preSolution
		Producer.Domain\Producer.Domain.projitems*{0ff7d8a2-d78c-4cd8-9619-e6906dff9943}*SharedItemsImports = 4
		Producer.Shared\Producer.Shared.projitems*{0ff7d8a2-d78c-4cd8-9619-e6906dff9943}*SharedItemsImports = 4
		Producer.Domain\Producer.Domain.projitems*{235a154b-7f57-45fd-8d39-b30b58810760}*SharedItemsImports = 4
		Producer.Shared\Producer.Shared.projitems*{235a154b-7f57-45fd-8d39-b30b58810760}*SharedItemsImports = 4
		Producer.Domain\Producer.Domain.projitems*{2c6335e4-7b3e-4e28-befd-0ea82470cfac}*SharedItemsImports = 13
		Producer.Shared\Producer.Shared.projitems*{f94d1cc0-49d5-4a5c-a279-1febbde97f5f}*SharedItemsImports = 13
	EndGlobalSection
	GlobalSection(SolutionConfigurationPlatforms) = preSolution
		Debug|Any CPU = Debug|Any CPU
		Debug|iPhone = Debug|iPhone
		Debug|iPhoneSimulator = Debug|iPhoneSimulator
		Release|Any CPU = Release|Any CPU
		Release|iPhone = Release|iPhone
		Release|iPhoneSimulator = Release|iPhoneSimulator
		UITest|Any CPU = UITest|Any CPU
		UITest|iPhone = UITest|iPhone
		UITest|iPhoneSimulator = UITest|iPhoneSimulator
	EndGlobalSection
	GlobalSection(ProjectConfigurationPlatforms) = postSolution
		{235A154B-7F57-45FD-8D39-B30B58810760}.Debug|Any CPU.ActiveCfg = Debug|iPhoneSimulator
		{235A154B-7F57-45FD-8D39-B30B58810760}.Debug|Any CPU.Build.0 = Debug|iPhoneSimulator
		{235A154B-7F57-45FD-8D39-B30B58810760}.Debug|iPhone.ActiveCfg = Debug|iPhone
		{235A154B-7F57-45FD-8D39-B30B58810760}.Debug|iPhone.Build.0 = Debug|iPhone
		{235A154B-7F57-45FD-8D39-B30B58810760}.Debug|iPhoneSimulator.ActiveCfg = Debug|iPhoneSimulator
		{235A154B-7F57-45FD-8D39-B30B58810760}.Debug|iPhoneSimulator.Build.0 = Debug|iPhoneSimulator
		{235A154B-7F57-45FD-8D39-B30B58810760}.Release|Any CPU.ActiveCfg = Release|iPhone
		{235A154B-7F57-45FD-8D39-B30B58810760}.Release|Any CPU.Build.0 = Release|iPhone
		{235A154B-7F57-45FD-8D39-B30B58810760}.Release|iPhone.ActiveCfg = Release|iPhone
		{235A154B-7F57-45FD-8D39-B30B58810760}.Release|iPhone.Build.0 = Release|iPhone
		{235A154B-7F57-45FD-8D39-B30B58810760}.Release|iPhoneSimulator.ActiveCfg = Release|iPhoneSimulator
		{235A154B-7F57-45FD-8D39-B30B58810760}.Release|iPhoneSimulator.Build.0 = Release|iPhoneSimulator
		{235A154B-7F57-45FD-8D39-B30B58810760}.UITest|Any CPU.ActiveCfg = Release|iPhone
		{235A154B-7F57-45FD-8D39-B30B58810760}.UITest|iPhone.ActiveCfg = Debug|iPhone
		{235A154B-7F57-45FD-8D39-B30B58810760}.UITest|iPhone.Build.0 = Debug|iPhone
		{235A154B-7F57-45FD-8D39-B30B58810760}.UITest|iPhoneSimulator.ActiveCfg = Debug|iPhoneSimulator
		{235A154B-7F57-45FD-8D39-B30B58810760}.UITest|iPhoneSimulator.Build.0 = Debug|iPhoneSimulator
		{7BB964C9-3F95-49A6-A76E-4CAEAB0BC14C}.Debug|Any CPU.ActiveCfg = Debug|Any CPU
		{7BB964C9-3F95-49A6-A76E-4CAEAB0BC14C}.Debug|iPhone.ActiveCfg = Debug|Any CPU
		{7BB964C9-3F95-49A6-A76E-4CAEAB0BC14C}.Debug|iPhoneSimulator.ActiveCfg = Debug|Any CPU
		{7BB964C9-3F95-49A6-A76E-4CAEAB0BC14C}.Release|Any CPU.ActiveCfg = Release|Any CPU
		{7BB964C9-3F95-49A6-A76E-4CAEAB0BC14C}.Release|iPhone.ActiveCfg = Release|Any CPU
		{7BB964C9-3F95-49A6-A76E-4CAEAB0BC14C}.Release|iPhoneSimulator.ActiveCfg = Release|Any CPU
		{7BB964C9-3F95-49A6-A76E-4CAEAB0BC14C}.UITest|Any CPU.ActiveCfg = Release|Any CPU
		{7BB964C9-3F95-49A6-A76E-4CAEAB0BC14C}.UITest|iPhone.ActiveCfg = Debug|Any CPU
		{7BB964C9-3F95-49A6-A76E-4CAEAB0BC14C}.UITest|iPhone.Build.0 = Debug|Any CPU
		{7BB964C9-3F95-49A6-A76E-4CAEAB0BC14C}.UITest|iPhoneSimulator.ActiveCfg = Debug|Any CPU
		{7BB964C9-3F95-49A6-A76E-4CAEAB0BC14C}.UITest|iPhoneSimulator.Build.0 = Debug|Any CPU
		{0FF7D8A2-D78C-4CD8-9619-E6906DFF9943}.Debug|Any CPU.ActiveCfg = Debug|Any CPU
		{0FF7D8A2-D78C-4CD8-9619-E6906DFF9943}.Debug|Any CPU.Build.0 = Debug|Any CPU
		{0FF7D8A2-D78C-4CD8-9619-E6906DFF9943}.Debug|iPhone.ActiveCfg = Debug|Any CPU
		{0FF7D8A2-D78C-4CD8-9619-E6906DFF9943}.Debug|iPhone.Build.0 = Debug|Any CPU
		{0FF7D8A2-D78C-4CD8-9619-E6906DFF9943}.Debug|iPhoneSimulator.ActiveCfg = Debug|Any CPU
		{0FF7D8A2-D78C-4CD8-9619-E6906DFF9943}.Debug|iPhoneSimulator.Build.0 = Debug|Any CPU
		{0FF7D8A2-D78C-4CD8-9619-E6906DFF9943}.Release|Any CPU.ActiveCfg = Release|Any CPU
		{0FF7D8A2-D78C-4CD8-9619-E6906DFF9943}.Release|Any CPU.Build.0 = Release|Any CPU
		{0FF7D8A2-D78C-4CD8-9619-E6906DFF9943}.Release|iPhone.ActiveCfg = Release|Any CPU
		{0FF7D8A2-D78C-4CD8-9619-E6906DFF9943}.Release|iPhone.Build.0 = Release|Any CPU
		{0FF7D8A2-D78C-4CD8-9619-E6906DFF9943}.Release|iPhoneSimulator.ActiveCfg = Release|Any CPU
		{0FF7D8A2-D78C-4CD8-9619-E6906DFF9943}.Release|iPhoneSimulator.Build.0 = Release|Any CPU
		{0FF7D8A2-D78C-4CD8-9619-E6906DFF9943}.UITest|Any CPU.ActiveCfg = Release|Any CPU
		{0FF7D8A2-D78C-4CD8-9619-E6906DFF9943}.UITest|Any CPU.Build.0 = Release|Any CPU
		{0FF7D8A2-D78C-4CD8-9619-E6906DFF9943}.UITest|iPhone.ActiveCfg = Debug|Any CPU
		{0FF7D8A2-D78C-4CD8-9619-E6906DFF9943}.UITest|iPhoneSimulator.ActiveCfg = Debug|Any CPU
		{B61D738E-9E7A-45CD-89A3-E04AA55CF446}.Debug|Any CPU.ActiveCfg = Debug|Any CPU
		{B61D738E-9E7A-45CD-89A3-E04AA55CF446}.Debug|iPhone.ActiveCfg = Debug|Any CPU
		{B61D738E-9E7A-45CD-89A3-E04AA55CF446}.Debug|iPhoneSimulator.ActiveCfg = Debug|Any CPU
		{B61D738E-9E7A-45CD-89A3-E04AA55CF446}.Release|Any CPU.ActiveCfg = Release|Any CPU
		{B61D738E-9E7A-45CD-89A3-E04AA55CF446}.Release|iPhone.ActiveCfg = Release|Any CPU
		{B61D738E-9E7A-45CD-89A3-E04AA55CF446}.Release|iPhoneSimulator.ActiveCfg = Release|Any CPU
		{B61D738E-9E7A-45CD-89A3-E04AA55CF446}.UITest|Any CPU.ActiveCfg = Release|Any CPU
		{B61D738E-9E7A-45CD-89A3-E04AA55CF446}.UITest|Any CPU.Build.0 = Release|Any CPU
		{B61D738E-9E7A-45CD-89A3-E04AA55CF446}.UITest|iPhone.ActiveCfg = Debug|Any CPU
		{B61D738E-9E7A-45CD-89A3-E04AA55CF446}.UITest|iPhoneSimulator.ActiveCfg = Debug|Any CPU
		{EEA42976-ED9D-4216-ACFC-D344B625FEC8}.Debug|Any CPU.ActiveCfg = Debug|Any CPU
		{EEA42976-ED9D-4216-ACFC-D344B625FEC8}.Debug|Any CPU.Build.0 = Debug|Any CPU
		{EEA42976-ED9D-4216-ACFC-D344B625FEC8}.Debug|iPhone.ActiveCfg = Debug|Any CPU
		{EEA42976-ED9D-4216-ACFC-D344B625FEC8}.Debug|iPhone.Build.0 = Debug|Any CPU
		{EEA42976-ED9D-4216-ACFC-D344B625FEC8}.Debug|iPhoneSimulator.ActiveCfg = Debug|Any CPU
		{EEA42976-ED9D-4216-ACFC-D344B625FEC8}.Debug|iPhoneSimulator.Build.0 = Debug|Any CPU
		{EEA42976-ED9D-4216-ACFC-D344B625FEC8}.Release|Any CPU.ActiveCfg = Release|Any CPU
		{EEA42976-ED9D-4216-ACFC-D344B625FEC8}.Release|Any CPU.Build.0 = Release|Any CPU
		{EEA42976-ED9D-4216-ACFC-D344B625FEC8}.Release|iPhone.ActiveCfg = Release|Any CPU
		{EEA42976-ED9D-4216-ACFC-D344B625FEC8}.Release|iPhone.Build.0 = Release|Any CPU
		{EEA42976-ED9D-4216-ACFC-D344B625FEC8}.Release|iPhoneSimulator.ActiveCfg = Release|Any CPU
		{EEA42976-ED9D-4216-ACFC-D344B625FEC8}.Release|iPhoneSimulator.Build.0 = Release|Any CPU
		{EEA42976-ED9D-4216-ACFC-D344B625FEC8}.UITest|Any CPU.ActiveCfg = Release|Any CPU
		{EEA42976-ED9D-4216-ACFC-D344B625FEC8}.UITest|Any CPU.Build.0 = Release|Any CPU
		{EEA42976-ED9D-4216-ACFC-D344B625FEC8}.UITest|iPhone.ActiveCfg = Debug|Any CPU
		{EEA42976-ED9D-4216-ACFC-D344B625FEC8}.UITest|iPhone.Build.0 = Debug|Any CPU
		{EEA42976-ED9D-4216-ACFC-D344B625FEC8}.UITest|iPhoneSimulator.ActiveCfg = Debug|Any CPU
		{EEA42976-ED9D-4216-ACFC-D344B625FEC8}.UITest|iPhoneSimulator.Build.0 = Debug|Any CPU
	EndGlobalSection
	GlobalSection(SolutionProperties) = preSolution
		HideSolutionNode = FALSE
	EndGlobalSection
	GlobalSection(NestedProjects) = preSolution
		{7BB964C9-3F95-49A6-A76E-4CAEAB0BC14C} = {7DC26961-7DE0-4F3C-BD81-B4A446978439}
		{B61D738E-9E7A-45CD-89A3-E04AA55CF446} = {7DC26961-7DE0-4F3C-BD81-B4A446978439}
	EndGlobalSection
	GlobalSection(ExtensibilityGlobals) = postSolution
		SolutionGuid = {53BF27CE-685A-4795-B6EC-2A972731C342}
	EndGlobalSection
	GlobalSection(MonoDevelopProperties) = preSolution
		Policies = $0
		$0.TextStylePolicy = $1
		$1.inheritsSet = null
		$1.scope = text/x-csharp
		$0.CSharpFormattingPolicy = $2
		$2.scope = text/x-csharp
		$0.TextStylePolicy = $3
		$3.inheritsSet = null
		$3.scope = application/android+xml
		$0.XmlFormattingPolicy = $4
		$4.inheritsSet = null
		$4.scope = application/android+xml
		$0.TextStylePolicy = $5
		$5.scope = text/plain
		$0.TextStylePolicy = $6
		$6.inheritsSet = null
		$6.scope = application/vnd.apple-xcode-storyboard
		$0.XmlFormattingPolicy = $7
		$7.inheritsSet = null
		$7.scope = application/vnd.apple-xcode-storyboard
		$0.TextStylePolicy = $8
		$8.TabWidth = 2
		$8.TabsToSpaces = True
		$8.IndentWidth = 2
		$8.scope = application/xml
		$0.XmlFormattingPolicy = $9
		$9.scope = application/xml
		$0.TextStylePolicy = $10
		$10.inheritsSet = null
		$10.scope = application/config+xml
		$0.XmlFormattingPolicy = $11
		$11.inheritsSet = null
		$11.scope = application/config+xml
	EndGlobalSection
EndGlobal
